
Microsoft Visual Studio Solution File, Format Version 12.00
# Visual Studio Version 17
VisualStudioVersion = 17.11.35222.181
MinimumVisualStudioVersion = 10.0.40219.1
Project("{FAE04EC0-301F-11D3-BF4B-00C04F79EFBC}") = "Final_Task", "Final_Task.csproj", "{5B00AFF4-08D8-4D16-81F4-F7BC7642CD33}"
EndProject
Global
	GlobalSection(SolutionConfigurationPlatforms) = preSolution
		Debug|Any CPU = Debug|Any CPU
		Release|Any CPU = Release|Any CPU
	EndGlobalSection
	GlobalSection(ProjectConfigurationPlatforms) = postSolution
		{5B00AFF4-08D8-4D16-81F4-F7BC7642CD33}.Debug|Any CPU.ActiveCfg = Debug|Any CPU
		{5B00AFF4-08D8-4D16-81F4-F7BC7642CD33}.Debug|Any CPU.Build.0 = Debug|Any CPU
		{5B00AFF4-08D8-4D16-81F4-F7BC7642CD33}.Release|Any CPU.ActiveCfg = Release|Any CPU
		{5B00AFF4-08D8-4D16-81F4-F7BC7642CD33}.Release|Any CPU.Build.0 = Release|Any CPU
	EndGlobalSection
	GlobalSection(SolutionProperties) = preSolution
		HideSolutionNode = FALSE
	EndGlobalSection
	GlobalSection(ExtensibilityGlobals) = postSolution
		SolutionGuid = {DF052FD6-EB3B-4E36-803C-58F42ACB8BFC}
	EndGlobalSection
EndGlobal
